// !$*UTF8*$!
{
	archiveVersion = 1;
	classes = {
	};
	objectVersion = 56;
	objects = {

/* Begin PBXBuildFile section */
		32529DD829ABBC0500AE20F9 /* AppDelegate.swift in Sources */ = {isa = PBXBuildFile; fileRef = 32529DD729ABBC0500AE20F9 /* AppDelegate.swift */; };
		32529DDC29ABBC0500AE20F9 /* TutorialViewController.swift in Sources */ = {isa = PBXBuildFile; fileRef = 32529DDB29ABBC0500AE20F9 /* TutorialViewController.swift */; };
		32529DE129ABBC0600AE20F9 /* Assets.xcassets in Resources */ = {isa = PBXBuildFile; fileRef = 32529DE029ABBC0600AE20F9 /* Assets.xcassets */; };
		32529DE429ABBC0600AE20F9 /* LaunchScreen.storyboard in Resources */ = {isa = PBXBuildFile; fileRef = 32529DE229ABBC0600AE20F9 /* LaunchScreen.storyboard */; };
		32529DF229ABBD3B00AE20F9 /* Coordinator.swift in Sources */ = {isa = PBXBuildFile; fileRef = 32529DF129ABBD3B00AE20F9 /* Coordinator.swift */; };
		32529DF429ABBD5600AE20F9 /* Weather.swift in Sources */ = {isa = PBXBuildFile; fileRef = 32529DF329ABBD5600AE20F9 /* Weather.swift */; };
		32529DF729ABBD9400AE20F9 /* TutorialScreen.swift in Sources */ = {isa = PBXBuildFile; fileRef = 32529DF629ABBD9400AE20F9 /* TutorialScreen.swift */; };
		32529DF929ABBDBE00AE20F9 /* LoaderViewController.swift in Sources */ = {isa = PBXBuildFile; fileRef = 32529DF829ABBDBE00AE20F9 /* LoaderViewController.swift */; };
		32529DFB29ABBDDF00AE20F9 /* WeatherViewController.swift in Sources */ = {isa = PBXBuildFile; fileRef = 32529DFA29ABBDDF00AE20F9 /* WeatherViewController.swift */; };
		32529DFD29ABBE0200AE20F9 /* LocalStorageService.swift in Sources */ = {isa = PBXBuildFile; fileRef = 32529DFC29ABBE0200AE20F9 /* LocalStorageService.swift */; };
		32529DFF29ABBE1500AE20F9 /* LocationService.swift in Sources */ = {isa = PBXBuildFile; fileRef = 32529DFE29ABBE1500AE20F9 /* LocationService.swift */; };
		32529E0129ABBE2A00AE20F9 /* NetworkService.swift in Sources */ = {isa = PBXBuildFile; fileRef = 32529E0029ABBE2A00AE20F9 /* NetworkService.swift */; };
		32529E0329ABBE6000AE20F9 /* HUD.swift in Sources */ = {isa = PBXBuildFile; fileRef = 32529E0229ABBE6000AE20F9 /* HUD.swift */; };
/* End PBXBuildFile section */

/* Begin PBXFileReference section */
		32529DD429ABBC0500AE20F9 /* WeatherTestApp.app */ = {isa = PBXFileReference; explicitFileType = wrapper.application; includeInIndex = 0; path = WeatherTestApp.app; sourceTree = BUILT_PRODUCTS_DIR; };
		32529DD729ABBC0500AE20F9 /* AppDelegate.swift */ = {isa = PBXFileReference; lastKnownFileType = sourcecode.swift; path = AppDelegate.swift; sourceTree = "<group>"; };
		32529DDB29ABBC0500AE20F9 /* TutorialViewController.swift */ = {isa = PBXFileReference; lastKnownFileType = sourcecode.swift; path = TutorialViewController.swift; sourceTree = "<group>"; };
		32529DE029ABBC0600AE20F9 /* Assets.xcassets */ = {isa = PBXFileReference; lastKnownFileType = folder.assetcatalog; path = Assets.xcassets; sourceTree = "<group>"; };
		32529DE329ABBC0600AE20F9 /* Base */ = {isa = PBXFileReference; lastKnownFileType = file.storyboard; name = Base; path = Base.lproj/LaunchScreen.storyboard; sourceTree = "<group>"; };
		32529DE529ABBC0600AE20F9 /* Info.plist */ = {isa = PBXFileReference; lastKnownFileType = text.plist.xml; path = Info.plist; sourceTree = "<group>"; };
		32529DF129ABBD3B00AE20F9 /* Coordinator.swift */ = {isa = PBXFileReference; lastKnownFileType = sourcecode.swift; path = Coordinator.swift; sourceTree = "<group>"; };
		32529DF329ABBD5600AE20F9 /* Weather.swift */ = {isa = PBXFileReference; lastKnownFileType = sourcecode.swift; path = Weather.swift; sourceTree = "<group>"; };
		32529DF629ABBD9400AE20F9 /* TutorialScreen.swift */ = {isa = PBXFileReference; lastKnownFileType = sourcecode.swift; path = TutorialScreen.swift; sourceTree = "<group>"; };
		32529DF829ABBDBE00AE20F9 /* LoaderViewController.swift */ = {isa = PBXFileReference; lastKnownFileType = sourcecode.swift; path = LoaderViewController.swift; sourceTree = "<group>"; };
		32529DFA29ABBDDF00AE20F9 /* WeatherViewController.swift */ = {isa = PBXFileReference; lastKnownFileType = sourcecode.swift; path = WeatherViewController.swift; sourceTree = "<group>"; };
		32529DFC29ABBE0200AE20F9 /* LocalStorageService.swift */ = {isa = PBXFileReference; lastKnownFileType = sourcecode.swift; path = LocalStorageService.swift; sourceTree = "<group>"; };
		32529DFE29ABBE1500AE20F9 /* LocationService.swift */ = {isa = PBXFileReference; lastKnownFileType = sourcecode.swift; path = LocationService.swift; sourceTree = "<group>"; };
		32529E0029ABBE2A00AE20F9 /* NetworkService.swift */ = {isa = PBXFileReference; lastKnownFileType = sourcecode.swift; path = NetworkService.swift; sourceTree = "<group>"; };
		32529E0229ABBE6000AE20F9 /* HUD.swift */ = {isa = PBXFileReference; lastKnownFileType = sourcecode.swift; path = HUD.swift; sourceTree = "<group>"; };
/* End PBXFileReference section */

/* Begin PBXFrameworksBuildPhase section */
		32529DD129ABBC0500AE20F9 /* Frameworks */ = {
			isa = PBXFrameworksBuildPhase;
			buildActionMask = 2147483647;
			files = (
			);
			runOnlyForDeploymentPostprocessing = 0;
		};
/* End PBXFrameworksBuildPhase section */

/* Begin PBXGroup section */
		32529DCB29ABBC0500AE20F9 = {
			isa = PBXGroup;
			children = (
				32529DD629ABBC0500AE20F9 /* WeatherTestApp */,
				32529DD529ABBC0500AE20F9 /* Products */,
			);
			sourceTree = "<group>";
		};
		32529DD529ABBC0500AE20F9 /* Products */ = {
			isa = PBXGroup;
			children = (
				32529DD429ABBC0500AE20F9 /* WeatherTestApp.app */,
			);
			name = Products;
			sourceTree = "<group>";
		};
		32529DD629ABBC0500AE20F9 /* WeatherTestApp */ = {
			isa = PBXGroup;
			children = (
				32529DEB29ABBC7600AE20F9 /* Coordinator */,
				32529DED29ABBC8E00AE20F9 /* Models */,
				32529DEC29ABBC8100AE20F9 /* ViewControllers */,
				32529DEE29ABBC9900AE20F9 /* Services */,
				32529DEF29ABBCB700AE20F9 /* Helpers */,
				32529DF029ABBCC100AE20F9 /* Resources */,
			);
			path = WeatherTestApp;
			sourceTree = "<group>";
		};
		32529DEB29ABBC7600AE20F9 /* Coordinator */ = {
			isa = PBXGroup;
			children = (
				32529DF129ABBD3B00AE20F9 /* Coordinator.swift */,
			);
			path = Coordinator;
			sourceTree = "<group>";
		};
		32529DEC29ABBC8100AE20F9 /* ViewControllers */ = {
			isa = PBXGroup;
			children = (
				32529DF529ABBD6400AE20F9 /* TutorialScreen */,
				32529DDB29ABBC0500AE20F9 /* TutorialViewController.swift */,
				32529DF829ABBDBE00AE20F9 /* LoaderViewController.swift */,
				32529DFA29ABBDDF00AE20F9 /* WeatherViewController.swift */,
			);
			path = ViewControllers;
			sourceTree = "<group>";
		};
		32529DED29ABBC8E00AE20F9 /* Models */ = {
			isa = PBXGroup;
			children = (
				32529DF329ABBD5600AE20F9 /* Weather.swift */,
			);
			path = Models;
			sourceTree = "<group>";
		};
		32529DEE29ABBC9900AE20F9 /* Services */ = {
			isa = PBXGroup;
			children = (
				32529DFC29ABBE0200AE20F9 /* LocalStorageService.swift */,
				32529DFE29ABBE1500AE20F9 /* LocationService.swift */,
				32529E0029ABBE2A00AE20F9 /* NetworkService.swift */,
			);
			path = Services;
			sourceTree = "<group>";
		};
		32529DEF29ABBCB700AE20F9 /* Helpers */ = {
			isa = PBXGroup;
			children = (
				32529E0229ABBE6000AE20F9 /* HUD.swift */,
			);
			path = Helpers;
			sourceTree = "<group>";
		};
		32529DF029ABBCC100AE20F9 /* Resources */ = {
			isa = PBXGroup;
			children = (
				32529DD729ABBC0500AE20F9 /* AppDelegate.swift */,
				32529DE029ABBC0600AE20F9 /* Assets.xcassets */,
				32529DE229ABBC0600AE20F9 /* LaunchScreen.storyboard */,
				32529DE529ABBC0600AE20F9 /* Info.plist */,
			);
			path = Resources;
			sourceTree = "<group>";
		};
		32529DF529ABBD6400AE20F9 /* TutorialScreen */ = {
			isa = PBXGroup;
			children = (
				32529DF629ABBD9400AE20F9 /* TutorialScreen.swift */,
			);
			path = TutorialScreen;
			sourceTree = "<group>";
		};
/* End PBXGroup section */

/* Begin PBXNativeTarget section */
		32529DD329ABBC0500AE20F9 /* WeatherTestApp */ = {
			isa = PBXNativeTarget;
			buildConfigurationList = 32529DE829ABBC0600AE20F9 /* Build configuration list for PBXNativeTarget "WeatherTestApp" */;
			buildPhases = (
				32529DD029ABBC0500AE20F9 /* Sources */,
				32529DD129ABBC0500AE20F9 /* Frameworks */,
				32529DD229ABBC0500AE20F9 /* Resources */,
			);
			buildRules = (
			);
			dependencies = (
			);
			name = WeatherTestApp;
			productName = WeatherTestApp;
			productReference = 32529DD429ABBC0500AE20F9 /* WeatherTestApp.app */;
			productType = "com.apple.product-type.application";
		};
/* End PBXNativeTarget section */

/* Begin PBXProject section */
		32529DCC29ABBC0500AE20F9 /* Project object */ = {
			isa = PBXProject;
			attributes = {
				BuildIndependentTargetsInParallel = 1;
				LastSwiftUpdateCheck = 1420;
				LastUpgradeCheck = 1420;
				TargetAttributes = {
					32529DD329ABBC0500AE20F9 = {
						CreatedOnToolsVersion = 14.2;
					};
				};
			};
			buildConfigurationList = 32529DCF29ABBC0500AE20F9 /* Build configuration list for PBXProject "WeatherTestApp" */;
			compatibilityVersion = "Xcode 14.0";
			developmentRegion = en;
			hasScannedForEncodings = 0;
			knownRegions = (
				en,
				Base,
			);
			mainGroup = 32529DCB29ABBC0500AE20F9;
			productRefGroup = 32529DD529ABBC0500AE20F9 /* Products */;
			projectDirPath = "";
			projectRoot = "";
			targets = (
				32529DD329ABBC0500AE20F9 /* WeatherTestApp */,
			);
		};
/* End PBXProject section */

/* Begin PBXResourcesBuildPhase section */
		32529DD229ABBC0500AE20F9 /* Resources */ = {
			isa = PBXResourcesBuildPhase;
			buildActionMask = 2147483647;
			files = (
				32529DE429ABBC0600AE20F9 /* LaunchScreen.storyboard in Resources */,
				32529DE129ABBC0600AE20F9 /* Assets.xcassets in Resources */,
			);
			runOnlyForDeploymentPostprocessing = 0;
		};
/* End PBXResourcesBuildPhase section */

/* Begin PBXSourcesBuildPhase section */
		32529DD029ABBC0500AE20F9 /* Sources */ = {
			isa = PBXSourcesBuildPhase;
			buildActionMask = 2147483647;
			files = (
				32529E0129ABBE2A00AE20F9 /* NetworkService.swift in Sources */,
				32529DF429ABBD5600AE20F9 /* Weather.swift in Sources */,
				32529DF929ABBDBE00AE20F9 /* LoaderViewController.swift in Sources */,
				32529DF729ABBD9400AE20F9 /* TutorialScreen.swift in Sources */,
				32529DDC29ABBC0500AE20F9 /* TutorialViewController.swift in Sources */,
				32529DFB29ABBDDF00AE20F9 /* WeatherViewController.swift in Sources */,
				32529E0329ABBE6000AE20F9 /* HUD.swift in Sources */,
				32529DFD29ABBE0200AE20F9 /* LocalStorageService.swift in Sources */,
				32529DD829ABBC0500AE20F9 /* AppDelegate.swift in Sources */,
				32529DFF29ABBE1500AE20F9 /* LocationService.swift in Sources */,
				32529DF229ABBD3B00AE20F9 /* Coordinator.swift in Sources */,
			);
			runOnlyForDeploymentPostprocessing = 0;
		};
/* End PBXSourcesBuildPhase section */

/* Begin PBXVariantGroup section */
		32529DE229ABBC0600AE20F9 /* LaunchScreen.storyboard */ = {
			isa = PBXVariantGroup;
			children = (
				32529DE329ABBC0600AE20F9 /* Base */,
			);
			name = LaunchScreen.storyboard;
			sourceTree = "<group>";
		};
/* End PBXVariantGroup section */

/* Begin XCBuildConfiguration section */
		32529DE629ABBC0600AE20F9 /* Debug */ = {
			isa = XCBuildConfiguration;
			buildSettings = {
				ALWAYS_SEARCH_USER_PATHS = NO;
				CLANG_ANALYZER_NONNULL = YES;
				CLANG_ANALYZER_NUMBER_OBJECT_CONVERSION = YES_AGGRESSIVE;
				CLANG_CXX_LANGUAGE_STANDARD = "gnu++20";
				CLANG_ENABLE_MODULES = YES;
				CLANG_ENABLE_OBJC_ARC = YES;
				CLANG_ENABLE_OBJC_WEAK = YES;
				CLANG_WARN_BLOCK_CAPTURE_AUTORELEASING = YES;
				CLANG_WARN_BOOL_CONVERSION = YES;
				CLANG_WARN_COMMA = YES;
				CLANG_WARN_CONSTANT_CONVERSION = YES;
				CLANG_WARN_DEPRECATED_OBJC_IMPLEMENTATIONS = YES;
				CLANG_WARN_DIRECT_OBJC_ISA_USAGE = YES_ERROR;
				CLANG_WARN_DOCUMENTATION_COMMENTS = YES;
				CLANG_WARN_EMPTY_BODY = YES;
				CLANG_WARN_ENUM_CONVERSION = YES;
				CLANG_WARN_INFINITE_RECURSION = YES;
				CLANG_WARN_INT_CONVERSION = YES;
				CLANG_WARN_NON_LITERAL_NULL_CONVERSION = YES;
				CLANG_WARN_OBJC_IMPLICIT_RETAIN_SELF = YES;
				CLANG_WARN_OBJC_LITERAL_CONVERSION = YES;
				CLANG_WARN_OBJC_ROOT_CLASS = YES_ERROR;
				CLANG_WARN_QUOTED_INCLUDE_IN_FRAMEWORK_HEADER = YES;
				CLANG_WARN_RANGE_LOOP_ANALYSIS = YES;
				CLANG_WARN_STRICT_PROTOTYPES = YES;
				CLANG_WARN_SUSPICIOUS_MOVE = YES;
				CLANG_WARN_UNGUARDED_AVAILABILITY = YES_AGGRESSIVE;
				CLANG_WARN_UNREACHABLE_CODE = YES;
				CLANG_WARN__DUPLICATE_METHOD_MATCH = YES;
				COPY_PHASE_STRIP = NO;
				DEBUG_INFORMATION_FORMAT = dwarf;
				ENABLE_STRICT_OBJC_MSGSEND = YES;
				ENABLE_TESTABILITY = YES;
				GCC_C_LANGUAGE_STANDARD = gnu11;
				GCC_DYNAMIC_NO_PIC = NO;
				GCC_NO_COMMON_BLOCKS = YES;
				GCC_OPTIMIZATION_LEVEL = 0;
				GCC_PREPROCESSOR_DEFINITIONS = (
					"DEBUG=1",
					"$(inherited)",
				);
				GCC_WARN_64_TO_32_BIT_CONVERSION = YES;
				GCC_WARN_ABOUT_RETURN_TYPE = YES_ERROR;
				GCC_WARN_UNDECLARED_SELECTOR = YES;
				GCC_WARN_UNINITIALIZED_AUTOS = YES_AGGRESSIVE;
				GCC_WARN_UNUSED_FUNCTION = YES;
				GCC_WARN_UNUSED_VARIABLE = YES;
				IPHONEOS_DEPLOYMENT_TARGET = 16.2;
				MTL_ENABLE_DEBUG_INFO = INCLUDE_SOURCE;
				MTL_FAST_MATH = YES;
				ONLY_ACTIVE_ARCH = YES;
				SDKROOT = iphoneos;
				SWIFT_ACTIVE_COMPILATION_CONDITIONS = DEBUG;
				SWIFT_OPTIMIZATION_LEVEL = "-Onone";
			};
			name = Debug;
		};
		32529DE729ABBC0600AE20F9 /* Release */ = {
			isa = XCBuildConfiguration;
			buildSettings = {
				ALWAYS_SEARCH_USER_PATHS = NO;
				CLANG_ANALYZER_NONNULL = YES;
				CLANG_ANALYZER_NUMBER_OBJECT_CONVERSION = YES_AGGRESSIVE;
				CLANG_CXX_LANGUAGE_STANDARD = "gnu++20";
				CLANG_ENABLE_MODULES = YES;
				CLANG_ENABLE_OBJC_ARC = YES;
				CLANG_ENABLE_OBJC_WEAK = YES;
				CLANG_WARN_BLOCK_CAPTURE_AUTORELEASING = YES;
				CLANG_WARN_BOOL_CONVERSION = YES;
				CLANG_WARN_COMMA = YES;
				CLANG_WARN_CONSTANT_CONVERSION = YES;
				CLANG_WARN_DEPRECATED_OBJC_IMPLEMENTATIONS = YES;
				CLANG_WARN_DIRECT_OBJC_ISA_USAGE = YES_ERROR;
				CLANG_WARN_DOCUMENTATION_COMMENTS = YES;
				CLANG_WARN_EMPTY_BODY = YES;
				CLANG_WARN_ENUM_CONVERSION = YES;
				CLANG_WARN_INFINITE_RECURSION = YES;
				CLANG_WARN_INT_CONVERSION = YES;
				CLANG_WARN_NON_LITERAL_NULL_CONVERSION = YES;
				CLANG_WARN_OBJC_IMPLICIT_RETAIN_SELF = YES;
				CLANG_WARN_OBJC_LITERAL_CONVERSION = YES;
				CLANG_WARN_OBJC_ROOT_CLASS = YES_ERROR;
				CLANG_WARN_QUOTED_INCLUDE_IN_FRAMEWORK_HEADER = YES;
				CLANG_WARN_RANGE_LOOP_ANALYSIS = YES;
				CLANG_WARN_STRICT_PROTOTYPES = YES;
				CLANG_WARN_SUSPICIOUS_MOVE = YES;
				CLANG_WARN_UNGUARDED_AVAILABILITY = YES_AGGRESSIVE;
				CLANG_WARN_UNREACHABLE_CODE = YES;
				CLANG_WARN__DUPLICATE_METHOD_MATCH = YES;
				COPY_PHASE_STRIP = NO;
				DEBUG_INFORMATION_FORMAT = "dwarf-with-dsym";
				ENABLE_NS_ASSERTIONS = NO;
				ENABLE_STRICT_OBJC_MSGSEND = YES;
				GCC_C_LANGUAGE_STANDARD = gnu11;
				GCC_NO_COMMON_BLOCKS = YES;
				GCC_WARN_64_TO_32_BIT_CONVERSION = YES;
				GCC_WARN_ABOUT_RETURN_TYPE = YES_ERROR;
				GCC_WARN_UNDECLARED_SELECTOR = YES;
				GCC_WARN_UNINITIALIZED_AUTOS = YES_AGGRESSIVE;
				GCC_WARN_UNUSED_FUNCTION = YES;
				GCC_WARN_UNUSED_VARIABLE = YES;
				IPHONEOS_DEPLOYMENT_TARGET = 16.2;
				MTL_ENABLE_DEBUG_INFO = NO;
				MTL_FAST_MATH = YES;
				SDKROOT = iphoneos;
				SWIFT_COMPILATION_MODE = wholemodule;
				SWIFT_OPTIMIZATION_LEVEL = "-O";
				VALIDATE_PRODUCT = YES;
			};
			name = Release;
		};
		32529DE929ABBC0600AE20F9 /* Debug */ = {
			isa = XCBuildConfiguration;
			buildSettings = {
				ASSETCATALOG_COMPILER_APPICON_NAME = AppIcon;
				ASSETCATALOG_COMPILER_GLOBAL_ACCENT_COLOR_NAME = AccentColor;
				CODE_SIGN_STYLE = Automatic;
				CURRENT_PROJECT_VERSION = 1;
				DEVELOPMENT_TEAM = BA44J8C79G;
				GENERATE_INFOPLIST_FILE = YES;
				INFOPLIST_FILE = WeatherTestApp/Resources/Info.plist;
				INFOPLIST_KEY_UIApplicationSupportsIndirectInputEvents = YES;
				INFOPLIST_KEY_UILaunchStoryboardName = LaunchScreen;
				INFOPLIST_KEY_UISupportedInterfaceOrientations_iPad = "UIInterfaceOrientationPortrait UIInterfaceOrientationPortraitUpsideDown UIInterfaceOrientationLandscapeLeft UIInterfaceOrientationLandscapeRight";
				INFOPLIST_KEY_UISupportedInterfaceOrientations_iPhone = "UIInterfaceOrientationPortrait UIInterfaceOrientationLandscapeLeft UIInterfaceOrientationLandscapeRight";
				LD_RUNPATH_SEARCH_PATHS = (
					"$(inherited)",
					"@executable_path/Frameworks",
				);
				MARKETING_VERSION = 1.0;
				PRODUCT_BUNDLE_IDENTIFIER = cc.WeatherTestApp;
				PRODUCT_NAME = "$(TARGET_NAME)";
				SWIFT_EMIT_LOC_STRINGS = YES;
				SWIFT_VERSION = 5.0;
				TARGETED_DEVICE_FAMILY = "1,2";
			};
			name = Debug;
		};
		32529DEA29ABBC0600AE20F9 /* Release */ = {
			isa = XCBuildConfiguration;
			buildSettings = {
				ASSETCATALOG_COMPILER_APPICON_NAME = AppIcon;
				ASSETCATALOG_COMPILER_GLOBAL_ACCENT_COLOR_NAME = AccentColor;
				CODE_SIGN_STYLE = Automatic;
				CURRENT_PROJECT_VERSION = 1;
				DEVELOPMENT_TEAM = BA44J8C79G;
				GENERATE_INFOPLIST_FILE = YES;
				INFOPLIST_FILE = WeatherTestApp/Resources/Info.plist;
				INFOPLIST_KEY_UIApplicationSupportsIndirectInputEvents = YES;
				INFOPLIST_KEY_UILaunchStoryboardName = LaunchScreen;
				INFOPLIST_KEY_UISupportedInterfaceOrientations_iPad = "UIInterfaceOrientationPortrait UIInterfaceOrientationPortraitUpsideDown UIInterfaceOrientationLandscapeLeft UIInterfaceOrientationLandscapeRight";
				INFOPLIST_KEY_UISupportedInterfaceOrientations_iPhone = "UIInterfaceOrientationPortrait UIInterfaceOrientationLandscapeLeft UIInterfaceOrientationLandscapeRight";
				LD_RUNPATH_SEARCH_PATHS = (
					"$(inherited)",
					"@executable_path/Frameworks",
				);
				MARKETING_VERSION = 1.0;
				PRODUCT_BUNDLE_IDENTIFIER = cc.WeatherTestApp;
				PRODUCT_NAME = "$(TARGET_NAME)";
				SWIFT_EMIT_LOC_STRINGS = YES;
				SWIFT_VERSION = 5.0;
				TARGETED_DEVICE_FAMILY = "1,2";
			};
			name = Release;
		};
/* End XCBuildConfiguration section */

/* Begin XCConfigurationList section */
		32529DCF29ABBC0500AE20F9 /* Build configuration list for PBXProject "WeatherTestApp" */ = {
			isa = XCConfigurationList;
			buildConfigurations = (
				32529DE629ABBC0600AE20F9 /* Debug */,
				32529DE729ABBC0600AE20F9 /* Release */,
			);
			defaultConfigurationIsVisible = 0;
			defaultConfigurationName = Release;
		};
		32529DE829ABBC0600AE20F9 /* Build configuration list for PBXNativeTarget "WeatherTestApp" */ = {
			isa = XCConfigurationList;
			buildConfigurations = (
				32529DE929ABBC0600AE20F9 /* Debug */,
				32529DEA29ABBC0600AE20F9 /* Release */,
			);
			defaultConfigurationIsVisible = 0;
			defaultConfigurationName = Release;
		};
/* End XCConfigurationList section */
	};
	rootObject = 32529DCC29ABBC0500AE20F9 /* Project object */;
}
